{
    "_readme": [
        "This file locks the dependencies of your project to a known state",
        "Read more about it at https://getcomposer.org/doc/01-basic-usage.md#installing-dependencies",
        "This file is @generated automatically"
    ],
    "content-hash": "6688b2496a1ac3715c5d3755aedc0ade",
    "packages": [
        {
            "name": "developercielo/api-3.0-php",
            "version": "v1.2.1",
            "source": {
                "type": "git",
                "url": "https://github.com/DeveloperCielo/API-3.0-PHP.git",
                "reference": "40dd1a00e32d1709db8ba0fd385a744d28b1ab3f"
            },
            "dist": {
                "type": "zip",
                "url": "https://api.github.com/repos/DeveloperCielo/API-3.0-PHP/zipball/40dd1a00e32d1709db8ba0fd385a744d28b1ab3f",
                "reference": "40dd1a00e32d1709db8ba0fd385a744d28b1ab3f",
                "shasum": ""
            },
            "require": {
                "php": ">=5.6"
            },
            "type": "library",
            "autoload": {
                "psr-0": {
                    "Cielo": "src"
                }
            },
            "notification-url": "https://packagist.org/downloads/",
            "license": [
                "MIT"
            ],
            "description": "Integração com a API 3.0 da Cielo",
            "homepage": "https://github.com/DeveloperCielo/API-3.0-PHP",
            "time": "2018-01-11T18:03:53+00:00"
        },
        {
            "name": "igorescobar/jquery-mask-plugin",
            "version": "v1.14.1",
            "source": {
                "type": "git",
                "url": "https://github.com/kamihouse/jQuery-Mask-Plugin.git",
                "reference": "678a7df1f0bb275ce53f365b91af99d86850978d"
            },
            "dist": {
                "type": "zip",
                "url": "https://api.github.com/repos/kamihouse/jQuery-Mask-Plugin/zipball/678a7df1f0bb275ce53f365b91af99d86850978d",
                "reference": "678a7df1f0bb275ce53f365b91af99d86850978d",
                "shasum": ""
            },
            "type": "library",
            "notification-url": "https://packagist.org/downloads/",
            "license": [
                "MIT"
            ],
            "authors": [
                {
                    "name": "Igor Escobar",
                    "email": "blog@igorescobar.com",
                    "homepage": "https://about.me/igorescobar",
                    "role": "Developer"
                },
                {
                    "name": "Thiago Pereira Rosa",
                    "email": "thiagor@engineer.com",
                    "homepage": "http://coderi.com.br",
                    "role": "Contributor"
                }
            ],
            "description": "A jQuery Plugin to make masks on form fields and html elements.",
            "homepage": "https://github.com/igorescobar/jQuery-Mask-Plugin",
            "keywords": [
                "jquery",
                "mask",
                "plugin"
            ],
            "time": "2016-04-27T16:16:55+00:00"
        }
    ],
    "packages-dev": [],
    "aliases": [],
    "minimum-stability": "stable",
    "stability-flags": [],
    "prefer-stable": false,
    "prefer-lowest": false,
    "platform": [],
    "platform-dev": [],
    "plugin-api-version": "1.1.0"
}
